Microsoft Visual Studio Solution File, Format Version 12.00
# Visual Studio Version 17
VisualStudioVersion = 17.5.2.0
MinimumVisualStudioVersion = 10.0.40219.1
Project("{FAE04EC0-301F-11D3-BF4B-00C04F79EFBC}") = "MiniOrm", "MiniOrm.csproj", "{D8E8FDBA-68C9-52A0-DF67-5C00BFCD53A7}"
EndProject
Global
	GlobalSection(SolutionConfigurationPlatforms) = preSolution
		Debug|Any CPU = Debug|Any CPU
		Release|Any CPU = Release|Any CPU
	EndGlobalSection
	GlobalSection(ProjectConfigurationPlatforms) = postSolution
		{D8E8FDBA-68C9-52A0-DF67-5C00BFCD53A7}.Debug|Any CPU.ActiveCfg = Debug|Any CPU
		{D8E8FDBA-68C9-52A0-DF67-5C00BFCD53A7}.Debug|Any CPU.Build.0 = Debug|Any CPU
		{D8E8FDBA-68C9-52A0-DF67-5C00BFCD53A7}.Release|Any CPU.ActiveCfg = Release|Any CPU
		{D8E8FDBA-68C9-52A0-DF67-5C00BFCD53A7}.Release|Any CPU.Build.0 = Release|Any CPU
	EndGlobalSection
	GlobalSection(SolutionProperties) = preSolution
		HideSolutionNode = FALSE
	EndGlobalSection
	GlobalSection(ExtensibilityGlobals) = postSolution
		SolutionGuid = {9EC352D0-3963-40F9-8A4C-C19DD2F0102F}
	EndGlobalSection
EndGlobal
